
Microsoft Visual Studio Solution File, Format Version 12.00
# Visual Studio Version 16
VisualStudioVersion = 16.0.29102.190
MinimumVisualStudioVersion = 10.0.40219.1
Project("{FAE04EC0-301F-11D3-BF4B-00C04F79EFBC}") = "BiTools", "BiTools\BiTools.csproj", "{D19F34DF-31A6-470B-B29F-EB2040F07E6A}"
EndProject
Project("{FAE04EC0-301F-11D3-BF4B-00C04F79EFBC}") = "ToolLIbrary", "ToolLIbrary\ToolLIbrary.csproj", "{318D66D8-8FEA-40E5-8533-DF901B323387}"
EndProject
Global
	GlobalSection(SolutionConfigurationPlatforms) = preSolution
		Debug|Any CPU = Debug|Any CPU
		Release|Any CPU = Release|Any CPU
	EndGlobalSection
	GlobalSection(ProjectConfigurationPlatforms) = postSolution
		{D19F34DF-31A6-470B-B29F-EB2040F07E6A}.Debug|Any CPU.ActiveCfg = Debug|Any CPU
		{D19F34DF-31A6-470B-B29F-EB2040F07E6A}.Debug|Any CPU.Build.0 = Debug|Any CPU
		{D19F34DF-31A6-470B-B29F-EB2040F07E6A}.Release|Any CPU.ActiveCfg = Release|Any CPU
		{D19F34DF-31A6-470B-B29F-EB2040F07E6A}.Release|Any CPU.Build.0 = Release|Any CPU
		{318D66D8-8FEA-40E5-8533-DF901B323387}.Debug|Any CPU.ActiveCfg = Debug|Any CPU
		{318D66D8-8FEA-40E5-8533-DF901B323387}.Debug|Any CPU.Build.0 = Debug|Any CPU
		{318D66D8-8FEA-40E5-8533-DF901B323387}.Release|Any CPU.ActiveCfg = Release|Any CPU
		{318D66D8-8FEA-40E5-8533-DF901B323387}.Release|Any CPU.Build.0 = Release|Any CPU
	EndGlobalSection
	GlobalSection(SolutionProperties) = preSolution
		HideSolutionNode = FALSE
	EndGlobalSection
	GlobalSection(ExtensibilityGlobals) = postSolution
		SolutionGuid = {C9455785-9BE9-43EB-9DF7-D6FCF503D12A}
	EndGlobalSection
EndGlobal
